// !$*UTF8*$!
{
	archiveVersion = 1;
	classes = {
	};
	objectVersion = 46;
	objects = {

/* Begin PBXBuildFile section */
		23C254C71D250EE5000B9159 /* main.cc in Sources */ = {isa = PBXBuildFile; fileRef = 23C254C61D250EE5000B9159 /* main.cc */; };
		23C254D41D250F84000B9159 /* all-test-main.cc in Sources */ = {isa = PBXBuildFile; fileRef = 23C254D31D250F84000B9159 /* all-test-main.cc */; };
		23C254D81D2510E0000B9159 /* sanity-test.cc in Sources */ = {isa = PBXBuildFile; fileRef = 23C254D71D2510E0000B9159 /* sanity-test.cc */; };
		23C254DD1D25112A000B9159 /* libgflags.a in Frameworks */ = {isa = PBXBuildFile; fileRef = 23C254D91D25112A000B9159 /* libgflags.a */; };
		23C254DE1D25112A000B9159 /* libglog.a in Frameworks */ = {isa = PBXBuildFile; fileRef = 23C254DA1D25112A000B9159 /* libglog.a */; };
		23C254DF1D25112A000B9159 /* libgtest.a in Frameworks */ = {isa = PBXBuildFile; fileRef = 23C254DB1D25112A000B9159 /* libgtest.a */; };
		23C254E01D25112A000B9159 /* libyuki.a in Frameworks */ = {isa = PBXBuildFile; fileRef = 23C254DC1D25112A000B9159 /* libyuki.a */; };
		23C254E51D25FE2C000B9159 /* rw_spin_lock-test.cc in Sources */ = {isa = PBXBuildFile; fileRef = 23C254E41D25FE2C000B9159 /* rw_spin_lock-test.cc */; };
		23C254E71D260891000B9159 /* rw_spin_lock.cc in Sources */ = {isa = PBXBuildFile; fileRef = 23C254E61D260891000B9159 /* rw_spin_lock.cc */; };
		23C254EC1D2614FE000B9159 /* key-test.cc in Sources */ = {isa = PBXBuildFile; fileRef = 23C254EA1D2614FE000B9159 /* key-test.cc */; };
		23C254EE1D264D97000B9159 /* key.cc in Sources */ = {isa = PBXBuildFile; fileRef = 23C254ED1D264D97000B9159 /* key.cc */; };
		23C254EF1D264D97000B9159 /* key.cc in Sources */ = {isa = PBXBuildFile; fileRef = 23C254ED1D264D97000B9159 /* key.cc */; };
		23C254FF1D26C41E000B9159 /* cocurrent_hash_map.cc in Sources */ = {isa = PBXBuildFile; fileRef = 23C254FE1D26C41E000B9159 /* cocurrent_hash_map.cc */; };
		23C255001D26C41E000B9159 /* cocurrent_hash_map.cc in Sources */ = {isa = PBXBuildFile; fileRef = 23C254FE1D26C41E000B9159 /* cocurrent_hash_map.cc */; };
		23C255031D280201000B9159 /* obj.cc in Sources */ = {isa = PBXBuildFile; fileRef = 23C255021D280201000B9159 /* obj.cc */; };
		23C255041D280201000B9159 /* obj.cc in Sources */ = {isa = PBXBuildFile; fileRef = 23C255021D280201000B9159 /* obj.cc */; };
		23C255061D280F0D000B9159 /* cocurrent_hash_map-test.cc in Sources */ = {isa = PBXBuildFile; fileRef = 23C255051D280F0D000B9159 /* cocurrent_hash_map-test.cc */; };
		23C255081D281143000B9159 /* libpcre.a in Frameworks */ = {isa = PBXBuildFile; fileRef = 23C255071D281143000B9159 /* libpcre.a */; };
		23C2550A1D294DE4000B9159 /* obj-test.cc in Sources */ = {isa = PBXBuildFile; fileRef = 23C255091D294DE4000B9159 /* obj-test.cc */; };
		23C2550E1D2AA15F000B9159 /* ae.c in Sources */ = {isa = PBXBuildFile; fileRef = 23C2550B1D2AA15F000B9159 /* ae.c */; };
		23C2550F1D2AA15F000B9159 /* anet.c in Sources */ = {isa = PBXBuildFile; fileRef = 23C2550C1D2AA15F000B9159 /* anet.c */; };
		23C255101D2AA15F000B9159 /* zmalloc.c in Sources */ = {isa = PBXBuildFile; fileRef = 23C2550D1D2AA15F000B9159 /* zmalloc.c */; };
		23C255191D2AA808000B9159 /* iterator.cc in Sources */ = {isa = PBXBuildFile; fileRef = 23C255181D2AA808000B9159 /* iterator.cc */; };
		23C2551A1D2AA808000B9159 /* iterator.cc in Sources */ = {isa = PBXBuildFile; fileRef = 23C255181D2AA808000B9159 /* iterator.cc */; };
		23C2551C1D2B5AD7000B9159 /* server.cc in Sources */ = {isa = PBXBuildFile; fileRef = 23C2551B1D2B5AD7000B9159 /* server.cc */; };
		23C2551D1D2B5AD7000B9159 /* server.cc in Sources */ = {isa = PBXBuildFile; fileRef = 23C2551B1D2B5AD7000B9159 /* server.cc */; };
		23C255201D2B6270000B9159 /* configuration.cc in Sources */ = {isa = PBXBuildFile; fileRef = 23C2551F1D2B6270000B9159 /* configuration.cc */; };
		23C255211D2B6270000B9159 /* configuration.cc in Sources */ = {isa = PBXBuildFile; fileRef = 23C2551F1D2B6270000B9159 /* configuration.cc */; };
		23C255231D2B65DC000B9159 /* configuration-test.cc in Sources */ = {isa = PBXBuildFile; fileRef = 23C255221D2B65DC000B9159 /* configuration-test.cc */; };
		23C255261D2CA7E5000B9159 /* worker.cc in Sources */ = {isa = PBXBuildFile; fileRef = 23C255251D2CA7E5000B9159 /* worker.cc */; };
		23C255271D2CA7E5000B9159 /* worker.cc in Sources */ = {isa = PBXBuildFile; fileRef = 23C255251D2CA7E5000B9159 /* worker.cc */; };
		23C2552B1D2CB989000B9159 /* client.cc in Sources */ = {isa = PBXBuildFile; fileRef = 23C2552A1D2CB989000B9159 /* client.cc */; };
		23C2552C1D2CB989000B9159 /* client.cc in Sources */ = {isa = PBXBuildFile; fileRef = 23C2552A1D2CB989000B9159 /* client.cc */; };
		23C2552E1D2CDE2F000B9159 /* circular_buffer-test.cc in Sources */ = {isa = PBXBuildFile; fileRef = 23C2552D1D2CDE2F000B9159 /* circular_buffer-test.cc */; };
		23C255301D2E4A91000B9159 /* libgflags.a in Frameworks */ = {isa = PBXBuildFile; fileRef = 23C254D91D25112A000B9159 /* libgflags.a */; };
		23C255311D2E4A91000B9159 /* libglog.a in Frameworks */ = {isa = PBXBuildFile; fileRef = 23C254DA1D25112A000B9159 /* libglog.a */; };
		23C255321D2E4A91000B9159 /* libpcre.a in Frameworks */ = {isa = PBXBuildFile; fileRef = 23C255071D281143000B9159 /* libpcre.a */; };
		23C255331D2E4A91000B9159 /* libyuki.a in Frameworks */ = {isa = PBXBuildFile; fileRef = 23C254DC1D25112A000B9159 /* libyuki.a */; };
		23C255341D2E4AA9000B9159 /* ae.c in Sources */ = {isa = PBXBuildFile; fileRef = 23C2550B1D2AA15F000B9159 /* ae.c */; };
		23C255351D2E4AA9000B9159 /* anet.c in Sources */ = {isa = PBXBuildFile; fileRef = 23C2550C1D2AA15F000B9159 /* anet.c */; };
		23C255361D2E4AA9000B9159 /* zmalloc.c in Sources */ = {isa = PBXBuildFile; fileRef = 23C2550D1D2AA15F000B9159 /* zmalloc.c */; };
		23C255371D2E4AA9000B9159 /* rw_spin_lock.cc in Sources */ = {isa = PBXBuildFile; fileRef = 23C254E61D260891000B9159 /* rw_spin_lock.cc */; };
		23C2553A1D2E54C8000B9159 /* db.cc in Sources */ = {isa = PBXBuildFile; fileRef = 23C255391D2E54C8000B9159 /* db.cc */; };
		23C2553B1D2E54C8000B9159 /* db.cc in Sources */ = {isa = PBXBuildFile; fileRef = 23C255391D2E54C8000B9159 /* db.cc */; };
		23C2553E1D2E8816000B9159 /* hash_db.cc in Sources */ = {isa = PBXBuildFile; fileRef = 23C2553D1D2E8816000B9159 /* hash_db.cc */; };
		23C2553F1D2E8816000B9159 /* hash_db.cc in Sources */ = {isa = PBXBuildFile; fileRef = 23C2553D1D2E8816000B9159 /* hash_db.cc */; };
		23C255421D2E8E68000B9159 /* commands.c in Sources */ = {isa = PBXBuildFile; fileRef = 23C255411D2E8E68000B9159 /* commands.c */; };
		23C255431D2E8E68000B9159 /* commands.c in Sources */ = {isa = PBXBuildFile; fileRef = 23C255411D2E8E68000B9159 /* commands.c */; };
		23C255471D2F45F4000B9159 /* lockfree_list-test.cc in Sources */ = {isa = PBXBuildFile; fileRef = 23C255451D2F45F4000B9159 /* lockfree_list-test.cc */; };
/* End PBXBuildFile section */

/* Begin PBXCopyFilesBuildPhase section */
		23C254B71D250E2C000B9159 /* CopyFiles */ = {
			isa = PBXCopyFilesBuildPhase;
			buildActionMask = 2147483647;
			dstPath = /usr/share/man/man1/;
			dstSubfolderSpec = 0;
			files = (
			);
			runOnlyForDeploymentPostprocessing = 1;
		};
		23C254CA1D250F1B000B9159 /* CopyFiles */ = {
			isa = PBXCopyFilesBuildPhase;
			buildActionMask = 2147483647;
			dstPath = /usr/share/man/man1/;
			dstSubfolderSpec = 0;
			files = (
			);
			runOnlyForDeploymentPostprocessing = 1;
		};
/* End PBXCopyFilesBuildPhase section */

/* Begin PBXFileReference section */
		23C254B91D250E2C000B9159 /* yukinodb */ = {isa = PBXFileReference; explicitFileType = "compiled.mach-o.executable"; includeInIndex = 0; path = yukinodb; sourceTree = BUILT_PRODUCTS_DIR; };
		23C254C61D250EE5000B9159 /* main.cc */ = {isa = PBXFileReference; fileEncoding = 4; lastKnownFileType = sourcecode.cpp.cpp; name = main.cc; path = ../src/main.cc; sourceTree = "<group>"; };
		23C254CC1D250F1B000B9159 /* all-test */ = {isa = PBXFileReference; explicitFileType = "compiled.mach-o.executable"; includeInIndex = 0; path = "all-test"; sourceTree = BUILT_PRODUCTS_DIR; };
		23C254D31D250F84000B9159 /* all-test-main.cc */ = {isa = PBXFileReference; fileEncoding = 4; lastKnownFileType = sourcecode.cpp.cpp; name = "all-test-main.cc"; path = "../src/all-test-main.cc"; sourceTree = "<group>"; };
		23C254D71D2510E0000B9159 /* sanity-test.cc */ = {isa = PBXFileReference; fileEncoding = 4; lastKnownFileType = sourcecode.cpp.cpp; name = "sanity-test.cc"; path = "../src/sanity-test.cc"; sourceTree = "<group>"; };
		23C254D91D25112A000B9159 /* libgflags.a */ = {isa = PBXFileReference; lastKnownFileType = archive.ar; name = libgflags.a; path = "../third-party/libs/libgflags.a"; sourceTree = "<group>"; };
		23C254DA1D25112A000B9159 /* libglog.a */ = {isa = PBXFileReference; lastKnownFileType = archive.ar; name = libglog.a; path = "../third-party/libs/libglog.a"; sourceTree = "<group>"; };
		23C254DB1D25112A000B9159 /* libgtest.a */ = {isa = PBXFileReference; lastKnownFileType = archive.ar; name = libgtest.a; path = "../third-party/libs/libgtest.a"; sourceTree = "<group>"; };
		23C254DC1D25112A000B9159 /* libyuki.a */ = {isa = PBXFileReference; lastKnownFileType = archive.ar; name = libyuki.a; path = "../third-party/libs/libyuki.a"; sourceTree = "<group>"; };
		23C254E31D25FDDB000B9159 /* rw_spin_lock.h */ = {isa = PBXFileReference; fileEncoding = 4; lastKnownFileType = sourcecode.c.h; path = rw_spin_lock.h; sourceTree = "<group>"; };
		23C254E41D25FE2C000B9159 /* rw_spin_lock-test.cc */ = {isa = PBXFileReference; fileEncoding = 4; lastKnownFileType = sourcecode.cpp.cpp; name = "rw_spin_lock-test.cc"; path = "../src/rw_spin_lock-test.cc"; sourceTree = "<group>"; };
		23C254E61D260891000B9159 /* rw_spin_lock.cc */ = {isa = PBXFileReference; fileEncoding = 4; lastKnownFileType = sourcecode.cpp.cpp; name = rw_spin_lock.cc; path = ../src/rw_spin_lock.cc; sourceTree = "<group>"; };
		23C254E81D260F9F000B9159 /* cocurrent_hash_map.h */ = {isa = PBXFileReference; fileEncoding = 4; lastKnownFileType = sourcecode.c.h; path = cocurrent_hash_map.h; sourceTree = "<group>"; };
		23C254E91D261379000B9159 /* key.h */ = {isa = PBXFileReference; fileEncoding = 4; lastKnownFileType = sourcecode.c.h; path = key.h; sourceTree = "<group>"; };
		23C254EA1D2614FE000B9159 /* key-test.cc */ = {isa = PBXFileReference; fileEncoding = 4; lastKnownFileType = sourcecode.cpp.cpp; path = "key-test.cc"; sourceTree = "<group>"; };
		23C254ED1D264D97000B9159 /* key.cc */ = {isa = PBXFileReference; fileEncoding = 4; lastKnownFileType = sourcecode.cpp.cpp; path = key.cc; sourceTree = "<group>"; };
		23C254FE1D26C41E000B9159 /* cocurrent_hash_map.cc */ = {isa = PBXFileReference; fileEncoding = 4; lastKnownFileType = sourcecode.cpp.cpp; path = cocurrent_hash_map.cc; sourceTree = "<group>"; };
		23C255011D280156000B9159 /* obj.h */ = {isa = PBXFileReference; fileEncoding = 4; lastKnownFileType = sourcecode.c.h; path = obj.h; sourceTree = "<group>"; };
		23C255021D280201000B9159 /* obj.cc */ = {isa = PBXFileReference; fileEncoding = 4; lastKnownFileType = sourcecode.cpp.cpp; path = obj.cc; sourceTree = "<group>"; };
		23C255051D280F0D000B9159 /* cocurrent_hash_map-test.cc */ = {isa = PBXFileReference; fileEncoding = 4; lastKnownFileType = sourcecode.cpp.cpp; path = "cocurrent_hash_map-test.cc"; sourceTree = "<group>"; };
		23C255071D281143000B9159 /* libpcre.a */ = {isa = PBXFileReference; lastKnownFileType = archive.ar; name = libpcre.a; path = "../third-party/libs/libpcre.a"; sourceTree = "<group>"; };
		23C255091D294DE4000B9159 /* obj-test.cc */ = {isa = PBXFileReference; fileEncoding = 4; lastKnownFileType = sourcecode.cpp.cpp; path = "obj-test.cc"; sourceTree = "<group>"; };
		23C2550B1D2AA15F000B9159 /* ae.c */ = {isa = PBXFileReference; fileEncoding = 4; lastKnownFileType = sourcecode.c.c; path = ae.c; sourceTree = "<group>"; };
		23C2550C1D2AA15F000B9159 /* anet.c */ = {isa = PBXFileReference; fileEncoding = 4; lastKnownFileType = sourcecode.c.c; path = anet.c; sourceTree = "<group>"; };
		23C2550D1D2AA15F000B9159 /* zmalloc.c */ = {isa = PBXFileReference; fileEncoding = 4; lastKnownFileType = sourcecode.c.c; path = zmalloc.c; sourceTree = "<group>"; };
		23C255111D2AA16D000B9159 /* ae.h */ = {isa = PBXFileReference; fileEncoding = 4; lastKnownFileType = sourcecode.c.h; path = ae.h; sourceTree = "<group>"; };
		23C255121D2AA16D000B9159 /* anet.h */ = {isa = PBXFileReference; fileEncoding = 4; lastKnownFileType = sourcecode.c.h; path = anet.h; sourceTree = "<group>"; };
		23C255131D2AA16D000B9159 /* config.h */ = {isa = PBXFileReference; fileEncoding = 4; lastKnownFileType = sourcecode.c.h; path = config.h; sourceTree = "<group>"; };
		23C255141D2AA16D000B9159 /* fmacros.h */ = {isa = PBXFileReference; fileEncoding = 4; lastKnownFileType = sourcecode.c.h; path = fmacros.h; sourceTree = "<group>"; };
		23C255151D2AA16D000B9159 /* zmalloc.h */ = {isa = PBXFileReference; fileEncoding = 4; lastKnownFileType = sourcecode.c.h; path = zmalloc.h; sourceTree = "<group>"; };
		23C255161D2AA18E000B9159 /* server.h */ = {isa = PBXFileReference; fileEncoding = 4; lastKnownFileType = sourcecode.c.h; path = server.h; sourceTree = "<group>"; };
		23C255171D2AA24F000B9159 /* iterator.h */ = {isa = PBXFileReference; fileEncoding = 4; lastKnownFileType = sourcecode.c.h; path = iterator.h; sourceTree = "<group>"; };
		23C255181D2AA808000B9159 /* iterator.cc */ = {isa = PBXFileReference; fileEncoding = 4; lastKnownFileType = sourcecode.cpp.cpp; path = iterator.cc; sourceTree = "<group>"; };
		23C2551B1D2B5AD7000B9159 /* server.cc */ = {isa = PBXFileReference; fileEncoding = 4; lastKnownFileType = sourcecode.cpp.cpp; path = server.cc; sourceTree = "<group>"; };
		23C2551E1D2B5BB0000B9159 /* configuration.h */ = {isa = PBXFileReference; fileEncoding = 4; lastKnownFileType = sourcecode.c.h; path = configuration.h; sourceTree = "<group>"; };
		23C2551F1D2B6270000B9159 /* configuration.cc */ = {isa = PBXFileReference; fileEncoding = 4; lastKnownFileType = sourcecode.cpp.cpp; path = configuration.cc; sourceTree = "<group>"; };
		23C255221D2B65DC000B9159 /* configuration-test.cc */ = {isa = PBXFileReference; fileEncoding = 4; lastKnownFileType = sourcecode.cpp.cpp; path = "configuration-test.cc"; sourceTree = "<group>"; };
		23C255241D2BBE25000B9159 /* value_traits.h */ = {isa = PBXFileReference; fileEncoding = 4; lastKnownFileType = sourcecode.c.h; path = value_traits.h; sourceTree = "<group>"; };
		23C255251D2CA7E5000B9159 /* worker.cc */ = {isa = PBXFileReference; fileEncoding = 4; lastKnownFileType = sourcecode.cpp.cpp; path = worker.cc; sourceTree = "<group>"; };
		23C255281D2CA801000B9159 /* worker.h */ = {isa = PBXFileReference; fileEncoding = 4; lastKnownFileType = sourcecode.c.h; path = worker.h; sourceTree = "<group>"; };
		23C255291D2CB024000B9159 /* client.h */ = {isa = PBXFileReference; fileEncoding = 4; lastKnownFileType = sourcecode.c.h; path = client.h; sourceTree = "<group>"; };
		23C2552A1D2CB989000B9159 /* client.cc */ = {isa = PBXFileReference; fileEncoding = 4; lastKnownFileType = sourcecode.cpp.cpp; path = client.cc; sourceTree = "<group>"; };
		23C2552D1D2CDE2F000B9159 /* circular_buffer-test.cc */ = {isa = PBXFileReference; fileEncoding = 4; lastKnownFileType = sourcecode.cpp.cpp; path = "circular_buffer-test.cc"; sourceTree = "<group>"; };
		23C2552F1D2D3B5C000B9159 /* circular_buffer.h */ = {isa = PBXFileReference; fileEncoding = 4; lastKnownFileType = sourcecode.c.h; path = circular_buffer.h; sourceTree = "<group>"; };
		23C255381D2E5333000B9159 /* db.h */ = {isa = PBXFileReference; fileEncoding = 4; lastKnownFileType = sourcecode.c.h; path = db.h; sourceTree = "<group>"; };
		23C255391D2E54C8000B9159 /* db.cc */ = {isa = PBXFileReference; fileEncoding = 4; lastKnownFileType = sourcecode.cpp.cpp; path = db.cc; sourceTree = "<group>"; };
		23C2553C1D2E87B8000B9159 /* hash_db.h */ = {isa = PBXFileReference; fileEncoding = 4; lastKnownFileType = sourcecode.c.h; path = hash_db.h; sourceTree = "<group>"; };
		23C2553D1D2E8816000B9159 /* hash_db.cc */ = {isa = PBXFileReference; fileEncoding = 4; lastKnownFileType = sourcecode.cpp.cpp; path = hash_db.cc; sourceTree = "<group>"; };
		23C255401D2E8BB6000B9159 /* protocol.h */ = {isa = PBXFileReference; fileEncoding = 4; lastKnownFileType = sourcecode.c.h; path = protocol.h; sourceTree = "<group>"; };
		23C255411D2E8E68000B9159 /* commands.c */ = {isa = PBXFileReference; fileEncoding = 4; lastKnownFileType = sourcecode.c.c; path = commands.c; sourceTree = "<group>"; };
		23C255441D2F3F1D000B9159 /* lockfree_list.h */ = {isa = PBXFileReference; fileEncoding = 4; lastKnownFileType = sourcecode.c.h; path = lockfree_list.h; sourceTree = "<group>"; };
		23C255451D2F45F4000B9159 /* lockfree_list-test.cc */ = {isa = PBXFileReference; fileEncoding = 4; lastKnownFileType = sourcecode.cpp.cpp; path = "lockfree_list-test.cc"; sourceTree = "<group>"; };
/* End PBXFileReference section */

/* Begin PBXFrameworksBuildPhase section */
		23C254B61D250E2C000B9159 /* Frameworks */ = {
			isa = PBXFrameworksBuildPhase;
			buildActionMask = 2147483647;
			files = (
				23C255301D2E4A91000B9159 /* libgflags.a in Frameworks */,
				23C255311D2E4A91000B9159 /* libglog.a in Frameworks */,
				23C255321D2E4A91000B9159 /* libpcre.a in Frameworks */,
				23C255331D2E4A91000B9159 /* libyuki.a in Frameworks */,
			);
			runOnlyForDeploymentPostprocessing = 0;
		};
		23C254C91D250F1B000B9159 /* Frameworks */ = {
			isa = PBXFrameworksBuildPhase;
			buildActionMask = 2147483647;
			files = (
				23C255081D281143000B9159 /* libpcre.a in Frameworks */,
				23C254DD1D25112A000B9159 /* libgflags.a in Frameworks */,
				23C254DE1D25112A000B9159 /* libglog.a in Frameworks */,
				23C254DF1D25112A000B9159 /* libgtest.a in Frameworks */,
				23C254E01D25112A000B9159 /* libyuki.a in Frameworks */,
			);
			runOnlyForDeploymentPostprocessing = 0;
		};
/* End PBXFrameworksBuildPhase section */

/* Begin PBXGroup section */
		23C254B01D250E2C000B9159 = {
			isa = PBXGroup;
			children = (
				23C255071D281143000B9159 /* libpcre.a */,
				23C254D91D25112A000B9159 /* libgflags.a */,
				23C254DA1D25112A000B9159 /* libglog.a */,
				23C254DB1D25112A000B9159 /* libgtest.a */,
				23C254DC1D25112A000B9159 /* libyuki.a */,
				23C254C51D250EC8000B9159 /* Tests */,
				23C254C41D250EC2000B9159 /* Sources */,
				23C254BB1D250E2C000B9159 /* Header */,
				23C254BA1D250E2C000B9159 /* Products */,
			);
			sourceTree = "<group>";
		};
		23C254BA1D250E2C000B9159 /* Products */ = {
			isa = PBXGroup;
			children = (
				23C254B91D250E2C000B9159 /* yukinodb */,
				23C254CC1D250F1B000B9159 /* all-test */,
			);
			name = Products;
			sourceTree = "<group>";
		};
		23C254BB1D250E2C000B9159 /* Header */ = {
			isa = PBXGroup;
			children = (
				23C255111D2AA16D000B9159 /* ae.h */,
				23C255121D2AA16D000B9159 /* anet.h */,
				23C255131D2AA16D000B9159 /* config.h */,
				23C255141D2AA16D000B9159 /* fmacros.h */,
				23C255151D2AA16D000B9159 /* zmalloc.h */,
				23C254E31D25FDDB000B9159 /* rw_spin_lock.h */,
				23C254E81D260F9F000B9159 /* cocurrent_hash_map.h */,
				23C254E91D261379000B9159 /* key.h */,
				23C255011D280156000B9159 /* obj.h */,
				23C255161D2AA18E000B9159 /* server.h */,
				23C255171D2AA24F000B9159 /* iterator.h */,
				23C2551E1D2B5BB0000B9159 /* configuration.h */,
				23C255241D2BBE25000B9159 /* value_traits.h */,
				23C255281D2CA801000B9159 /* worker.h */,
				23C255291D2CB024000B9159 /* client.h */,
				23C2552F1D2D3B5C000B9159 /* circular_buffer.h */,
				23C255381D2E5333000B9159 /* db.h */,
				23C2553C1D2E87B8000B9159 /* hash_db.h */,
				23C255401D2E8BB6000B9159 /* protocol.h */,
				23C255441D2F3F1D000B9159 /* lockfree_list.h */,
			);
			name = Header;
			path = ../src;
			sourceTree = "<group>";
		};
		23C254C41D250EC2000B9159 /* Sources */ = {
			isa = PBXGroup;
			children = (
				23C255411D2E8E68000B9159 /* commands.c */,
				23C2550B1D2AA15F000B9159 /* ae.c */,
				23C2550C1D2AA15F000B9159 /* anet.c */,
				23C2550D1D2AA15F000B9159 /* zmalloc.c */,
				23C254C61D250EE5000B9159 /* main.cc */,
				23C254E61D260891000B9159 /* rw_spin_lock.cc */,
				23C254ED1D264D97000B9159 /* key.cc */,
				23C254FE1D26C41E000B9159 /* cocurrent_hash_map.cc */,
				23C255021D280201000B9159 /* obj.cc */,
				23C255181D2AA808000B9159 /* iterator.cc */,
				23C2551B1D2B5AD7000B9159 /* server.cc */,
				23C255251D2CA7E5000B9159 /* worker.cc */,
				23C2551F1D2B6270000B9159 /* configuration.cc */,
				23C2552A1D2CB989000B9159 /* client.cc */,
				23C255391D2E54C8000B9159 /* db.cc */,
				23C2553D1D2E8816000B9159 /* hash_db.cc */,
			);
			name = Sources;
			path = ../src;
			sourceTree = "<group>";
		};
		23C254C51D250EC8000B9159 /* Tests */ = {
			isa = PBXGroup;
			children = (
				23C254D71D2510E0000B9159 /* sanity-test.cc */,
				23C254D31D250F84000B9159 /* all-test-main.cc */,
				23C254E41D25FE2C000B9159 /* rw_spin_lock-test.cc */,
				23C254EA1D2614FE000B9159 /* key-test.cc */,
				23C255051D280F0D000B9159 /* cocurrent_hash_map-test.cc */,
				23C255091D294DE4000B9159 /* obj-test.cc */,
				23C255221D2B65DC000B9159 /* configuration-test.cc */,
				23C2552D1D2CDE2F000B9159 /* circular_buffer-test.cc */,
				23C255451D2F45F4000B9159 /* lockfree_list-test.cc */,
			);
			name = Tests;
			path = ../src;
			sourceTree = "<group>";
		};
/* End PBXGroup section */

/* Begin PBXNativeTarget section */
		23C254B81D250E2C000B9159 /* yukinodb */ = {
			isa = PBXNativeTarget;
			buildConfigurationList = 23C254C01D250E2C000B9159 /* Build configuration list for PBXNativeTarget "yukinodb" */;
			buildPhases = (
				23C254B51D250E2C000B9159 /* Sources */,
				23C254B61D250E2C000B9159 /* Frameworks */,
				23C254B71D250E2C000B9159 /* CopyFiles */,
			);
			buildRules = (
			);
			dependencies = (
			);
			name = yukinodb;
			productName = "memory-db";
			productReference = 23C254B91D250E2C000B9159 /* yukinodb */;
			productType = "com.apple.product-type.tool";
		};
		23C254CB1D250F1B000B9159 /* all-test */ = {
			isa = PBXNativeTarget;
			buildConfigurationList = 23C254D01D250F1B000B9159 /* Build configuration list for PBXNativeTarget "all-test" */;
			buildPhases = (
				23C254C81D250F1B000B9159 /* Sources */,
				23C254C91D250F1B000B9159 /* Frameworks */,
				23C254CA1D250F1B000B9159 /* CopyFiles */,
			);
			buildRules = (
			);
			dependencies = (
			);
			name = "all-test";
			productName = "all-test";
			productReference = 23C254CC1D250F1B000B9159 /* all-test */;
			productType = "com.apple.product-type.tool";
		};
/* End PBXNativeTarget section */

/* Begin PBXProject section */
		23C254B11D250E2C000B9159 /* Project object */ = {
			isa = PBXProject;
			attributes = {
				LastUpgradeCheck = 0730;
				ORGANIZATIONNAME = yukino;
				TargetAttributes = {
					23C254B81D250E2C000B9159 = {
						CreatedOnToolsVersion = 7.3.1;
					};
					23C254CB1D250F1B000B9159 = {
						CreatedOnToolsVersion = 7.3.1;
					};
				};
			};
			buildConfigurationList = 23C254B41D250E2C000B9159 /* Build configuration list for PBXProject "memory-db" */;
			compatibilityVersion = "Xcode 3.2";
			developmentRegion = English;
			hasScannedForEncodings = 0;
			knownRegions = (
				en,
			);
			mainGroup = 23C254B01D250E2C000B9159;
			productRefGroup = 23C254BA1D250E2C000B9159 /* Products */;
			projectDirPath = "";
			projectRoot = "";
			targets = (
				23C254B81D250E2C000B9159 /* yukinodb */,
				23C254CB1D250F1B000B9159 /* all-test */,
			);
		};
/* End PBXProject section */

/* Begin PBXSourcesBuildPhase section */
		23C254B51D250E2C000B9159 /* Sources */ = {
			isa = PBXSourcesBuildPhase;
			buildActionMask = 2147483647;
			files = (
				23C255341D2E4AA9000B9159 /* ae.c in Sources */,
				23C255351D2E4AA9000B9159 /* anet.c in Sources */,
				23C255361D2E4AA9000B9159 /* zmalloc.c in Sources */,
				23C255371D2E4AA9000B9159 /* rw_spin_lock.cc in Sources */,
				23C2552B1D2CB989000B9159 /* client.cc in Sources */,
				23C255031D280201000B9159 /* obj.cc in Sources */,
				23C254EE1D264D97000B9159 /* key.cc in Sources */,
				23C254C71D250EE5000B9159 /* main.cc in Sources */,
				23C254FF1D26C41E000B9159 /* cocurrent_hash_map.cc in Sources */,
				23C255261D2CA7E5000B9159 /* worker.cc in Sources */,
				23C255201D2B6270000B9159 /* configuration.cc in Sources */,
				23C2551C1D2B5AD7000B9159 /* server.cc in Sources */,
				23C2553E1D2E8816000B9159 /* hash_db.cc in Sources */,
				23C255421D2E8E68000B9159 /* commands.c in Sources */,
				23C255191D2AA808000B9159 /* iterator.cc in Sources */,
				23C2553A1D2E54C8000B9159 /* db.cc in Sources */,
			);
			runOnlyForDeploymentPostprocessing = 0;
		};
		23C254C81D250F1B000B9159 /* Sources */ = {
			isa = PBXSourcesBuildPhase;
			buildActionMask = 2147483647;
			files = (
				23C255001D26C41E000B9159 /* cocurrent_hash_map.cc in Sources */,
				23C255101D2AA15F000B9159 /* zmalloc.c in Sources */,
				23C254EC1D2614FE000B9159 /* key-test.cc in Sources */,
				23C254D41D250F84000B9159 /* all-test-main.cc in Sources */,
				23C255231D2B65DC000B9159 /* configuration-test.cc in Sources */,
				23C2551D1D2B5AD7000B9159 /* server.cc in Sources */,
				23C2553B1D2E54C8000B9159 /* db.cc in Sources */,
				23C2550F1D2AA15F000B9159 /* anet.c in Sources */,
				23C254E71D260891000B9159 /* rw_spin_lock.cc in Sources */,
				23C255061D280F0D000B9159 /* cocurrent_hash_map-test.cc in Sources */,
				23C2551A1D2AA808000B9159 /* iterator.cc in Sources */,
				23C2552E1D2CDE2F000B9159 /* circular_buffer-test.cc in Sources */,
				23C2552C1D2CB989000B9159 /* client.cc in Sources */,
				23C2550A1D294DE4000B9159 /* obj-test.cc in Sources */,
				23C254EF1D264D97000B9159 /* key.cc in Sources */,
				23C2553F1D2E8816000B9159 /* hash_db.cc in Sources */,
				23C255431D2E8E68000B9159 /* commands.c in Sources */,
				23C255041D280201000B9159 /* obj.cc in Sources */,
				23C255271D2CA7E5000B9159 /* worker.cc in Sources */,
				23C255211D2B6270000B9159 /* configuration.cc in Sources */,
				23C255471D2F45F4000B9159 /* lockfree_list-test.cc in Sources */,
				23C254E51D25FE2C000B9159 /* rw_spin_lock-test.cc in Sources */,
				23C2550E1D2AA15F000B9159 /* ae.c in Sources */,
				23C254D81D2510E0000B9159 /* sanity-test.cc in Sources */,
			);
			runOnlyForDeploymentPostprocessing = 0;
		};
/* End PBXSourcesBuildPhase section */

/* Begin XCBuildConfiguration section */
		23C254BE1D250E2C000B9159 /* Debug */ = {
			isa = XCBuildConfiguration;
			buildSettings = {
				ALWAYS_SEARCH_USER_PATHS = NO;
				CLANG_ANALYZER_NONNULL = YES;
				CLANG_CXX_LANGUAGE_STANDARD = "gnu++0x";
				CLANG_CXX_LIBRARY = "libc++";
				CLANG_ENABLE_MODULES = YES;
				CLANG_ENABLE_OBJC_ARC = YES;
				CLANG_WARN_BOOL_CONVERSION = YES;
				CLANG_WARN_CONSTANT_CONVERSION = YES;
				CLANG_WARN_DIRECT_OBJC_ISA_USAGE = YES_ERROR;
				CLANG_WARN_EMPTY_BODY = YES;
				CLANG_WARN_ENUM_CONVERSION = YES;
				CLANG_WARN_INT_CONVERSION = YES;
				CLANG_WARN_OBJC_ROOT_CLASS = YES_ERROR;
				CLANG_WARN_UNREACHABLE_CODE = YES;
				CLANG_WARN__DUPLICATE_METHOD_MATCH = YES;
				CODE_SIGN_IDENTITY = "-";
				COPY_PHASE_STRIP = NO;
				DEBUG_INFORMATION_FORMAT = dwarf;
				ENABLE_STRICT_OBJC_MSGSEND = YES;
				ENABLE_TESTABILITY = YES;
				GCC_C_LANGUAGE_STANDARD = gnu99;
				GCC_DYNAMIC_NO_PIC = NO;
				GCC_NO_COMMON_BLOCKS = YES;
				GCC_OPTIMIZATION_LEVEL = 0;
				GCC_PREPROCESSOR_DEFINITIONS = (
					"DEBUG=1",
					"$(inherited)",
				);
				GCC_WARN_64_TO_32_BIT_CONVERSION = YES;
				GCC_WARN_ABOUT_RETURN_TYPE = YES_ERROR;
				GCC_WARN_UNDECLARED_SELECTOR = YES;
				GCC_WARN_UNINITIALIZED_AUTOS = YES_AGGRESSIVE;
				GCC_WARN_UNUSED_FUNCTION = YES;
				GCC_WARN_UNUSED_VARIABLE = YES;
				HEADER_SEARCH_PATHS = "../third-party/include";
				LIBRARY_SEARCH_PATHS = "../third-party/libs";
				MACOSX_DEPLOYMENT_TARGET = 10.11;
				MTL_ENABLE_DEBUG_INFO = YES;
				ONLY_ACTIVE_ARCH = YES;
				SDKROOT = macosx;
			};
			name = Debug;
		};
		23C254BF1D250E2C000B9159 /* Release */ = {
			isa = XCBuildConfiguration;
			buildSettings = {
				ALWAYS_SEARCH_USER_PATHS = NO;
				CLANG_ANALYZER_NONNULL = YES;
				CLANG_CXX_LANGUAGE_STANDARD = "gnu++0x";
				CLANG_CXX_LIBRARY = "libc++";
				CLANG_ENABLE_MODULES = YES;
				CLANG_ENABLE_OBJC_ARC = YES;
				CLANG_WARN_BOOL_CONVERSION = YES;
				CLANG_WARN_CONSTANT_CONVERSION = YES;
				CLANG_WARN_DIRECT_OBJC_ISA_USAGE = YES_ERROR;
				CLANG_WARN_EMPTY_BODY = YES;
				CLANG_WARN_ENUM_CONVERSION = YES;
				CLANG_WARN_INT_CONVERSION = YES;
				CLANG_WARN_OBJC_ROOT_CLASS = YES_ERROR;
				CLANG_WARN_UNREACHABLE_CODE = YES;
				CLANG_WARN__DUPLICATE_METHOD_MATCH = YES;
				CODE_SIGN_IDENTITY = "-";
				COPY_PHASE_STRIP = NO;
				DEBUG_INFORMATION_FORMAT = "dwarf-with-dsym";
				ENABLE_NS_ASSERTIONS = NO;
				ENABLE_STRICT_OBJC_MSGSEND = YES;
				GCC_C_LANGUAGE_STANDARD = gnu99;
				GCC_NO_COMMON_BLOCKS = YES;
				GCC_WARN_64_TO_32_BIT_CONVERSION = YES;
				GCC_WARN_ABOUT_RETURN_TYPE = YES_ERROR;
				GCC_WARN_UNDECLARED_SELECTOR = YES;
				GCC_WARN_UNINITIALIZED_AUTOS = YES_AGGRESSIVE;
				GCC_WARN_UNUSED_FUNCTION = YES;
				GCC_WARN_UNUSED_VARIABLE = YES;
				HEADER_SEARCH_PATHS = "../third-party/include";
				LIBRARY_SEARCH_PATHS = "../third-party/libs";
				MACOSX_DEPLOYMENT_TARGET = 10.11;
				MTL_ENABLE_DEBUG_INFO = NO;
				SDKROOT = macosx;
			};
			name = Release;
		};
		23C254C11D250E2C000B9159 /* Debug */ = {
			isa = XCBuildConfiguration;
			buildSettings = {
				PRODUCT_NAME = "$(TARGET_NAME)";
			};
			name = Debug;
		};
		23C254C21D250E2C000B9159 /* Release */ = {
			isa = XCBuildConfiguration;
			buildSettings = {
				PRODUCT_NAME = "$(TARGET_NAME)";
			};
			name = Release;
		};
		23C254D11D250F1B000B9159 /* Debug */ = {
			isa = XCBuildConfiguration;
			buildSettings = {
				PRODUCT_NAME = "$(TARGET_NAME)";
			};
			name = Debug;
		};
		23C254D21D250F1B000B9159 /* Release */ = {
			isa = XCBuildConfiguration;
			buildSettings = {
				PRODUCT_NAME = "$(TARGET_NAME)";
			};
			name = Release;
		};
/* End XCBuildConfiguration section */

/* Begin XCConfigurationList section */
		23C254B41D250E2C000B9159 /* Build configuration list for PBXProject "memory-db" */ = {
			isa = XCConfigurationList;
			buildConfigurations = (
				23C254BE1D250E2C000B9159 /* Debug */,
				23C254BF1D250E2C000B9159 /* Release */,
			);
			defaultConfigurationIsVisible = 0;
			defaultConfigurationName = Release;
		};
		23C254C01D250E2C000B9159 /* Build configuration list for PBXNativeTarget "yukinodb" */ = {
			isa = XCConfigurationList;
			buildConfigurations = (
				23C254C11D250E2C000B9159 /* Debug */,
				23C254C21D250E2C000B9159 /* Release */,
			);
			defaultConfigurationIsVisible = 0;
			defaultConfigurationName = Release;
		};
		23C254D01D250F1B000B9159 /* Build configuration list for PBXNativeTarget "all-test" */ = {
			isa = XCConfigurationList;
			buildConfigurations = (
				23C254D11D250F1B000B9159 /* Debug */,
				23C254D21D250F1B000B9159 /* Release */,
			);
			defaultConfigurationIsVisible = 0;
			defaultConfigurationName = Release;
		};
/* End XCConfigurationList section */
	};
	rootObject = 23C254B11D250E2C000B9159 /* Project object */;
}
